<?xml version="1.0" encoding="utf-8"?>
<Project ToolsVersion="4.0" xmlns="http://schemas.microsoft.com/developer/msbuild/2003">
  <ItemGroup>
    <Filter Include="Source Files">
      <UniqueIdentifier>{4FC737F1-C7A5-4376-A066-2A32D752A2FF}</UniqueIdentifier>
      <Extensions>cpp;c;cc;cxx;def;odl;idl;hpj;bat;asm;asmx</Extensions>
    </Filter>
    <Filter Include="Header Files">
      <UniqueIdentifier>{93995380-89BD-4b04-88EB-625FBE52EBFB}</UniqueIdentifier>
      <Extensions>h;hh;hpp;hxx;hm;inl;inc;xsd</Extensions>
    </Filter>
    <Filter Include="Source Files\Module Files">
      <UniqueIdentifier>{1d772b6d-d716-4376-ab6d-cff69a48c1b1}</UniqueIdentifier>
    </Filter>
    <Filter Include="Source Files\Plugin Descriptors">
      <UniqueIdentifier>{45849684-2c34-4df8-8196-84924f588a04}</UniqueIdentifier>
    </Filter>
  </ItemGroup>
  <ItemGroup>
    <ClCompile Include="..\..\dllmain.cpp">
      <Filter>Source Files\Module Files</Filter>
    </ClCompile>
    <ClCompile Include="..\..\vp_ffmpeg_io.cpp">
      <Filter>Source Files\Module Files</Filter>
    </ClCompile>
    <ClCompile Include="..\..\VideoFileWriterPluginDescriptor.cpp">
      <Filter>Source Files\Plugin Descriptors</Filter>
    </ClCompile>
    <ClCompile Include="..\..\VideoFileWriterPlugin.cpp">
      <Filter>Source Files</Filter>
    </ClCompile>
  </ItemGroup>
  <ItemGroup>
    <ClInclude Include="..\..\VideoFileWriterPlugin.hpp">
      <Filter>Header Files</Filter>
    </ClInclude>
  </ItemGroup>
  <ItemGroup>
    <Text Include="..\..\plugins_list.txt" />
    <Text Include="..\..\Release Notes.txt" />
  </ItemGroup>
</Project>