<?xml version="1.0" encoding="utf-8"?>
<Project ToolsVersion="4.0" xmlns="http://schemas.microsoft.com/developer/msbuild/2003">
  <ItemGroup>
    <Filter Include="Source Files">
      <UniqueIdentifier>{4FC737F1-C7A5-4376-A066-2A32D752A2FF}</UniqueIdentifier>
      <Extensions>cpp;c;cc;cxx;def;odl;idl;hpj;bat;asm;asmx</Extensions>
    </Filter>
    <Filter Include="Header Files">
      <UniqueIdentifier>{93995380-89BD-4b04-88EB-625FBE52EBFB}</UniqueIdentifier>
      <Extensions>h;hh;hpp;hxx;hm;inl;inc;xsd</Extensions>
    </Filter>
    <Filter Include="Source Files\Module Files">
      <UniqueIdentifier>{43cbcc81-cf70-4dea-9d68-d440ac75cb5c}</UniqueIdentifier>
    </Filter>
    <Filter Include="Source Files\Plugin Descriptors">
      <UniqueIdentifier>{0ce5a467-79bc-4cc7-9766-e7ab44b5ec92}</UniqueIdentifier>
    </Filter>
  </ItemGroup>
  <ItemGroup>
    <Text Include="..\..\plugins_list.txt" />
    <Text Include="..\..\Release Notes.txt" />
  </ItemGroup>
  <ItemGroup>
    <ClCompile Include="..\..\cv_bar_codes.cpp">
      <Filter>Source Files\Module Files</Filter>
    </ClCompile>
    <ClCompile Include="..\..\dllmain.cpp">
      <Filter>Source Files\Module Files</Filter>
    </ClCompile>
    <ClCompile Include="..\..\BarCodeDetectorPlugin.cpp">
      <Filter>Source Files</Filter>
    </ClCompile>
    <ClCompile Include="..\..\BarCodeDetectorPluginDescriptor.cpp">
      <Filter>Source Files\Plugin Descriptors</Filter>
    </ClCompile>
  </ItemGroup>
  <ItemGroup>
    <ClInclude Include="..\..\BarCodeDetectorPlugin.hpp">
      <Filter>Header Files</Filter>
    </ClInclude>
  </ItemGroup>
</Project>