Microsoft Visual Studio Solution File, Format Version 12.00
# Visual Studio 14
VisualStudioVersion = 14.0.25420.1
MinimumVisualStudioVersion = 10.0.40219.1
Project("{8BC9CEB8-8B4A-11D0-8D11-00A0C91BC942}") = "video_write_test", "video_write_test.vcxproj", "{0A907BE6-59D7-4E28-B318-DAFB79D08328}"
	ProjectSection(ProjectDependencies) = postProject
		{A53BEE8B-4E71-4A19-8AAD-7A8F7D6A5A04} = {A53BEE8B-4E71-4A19-8AAD-7A8F7D6A5A04}
	EndProjectSection
EndProject
Project("{8BC9CEB8-8B4A-11D0-8D11-00A0C91BC942}") = "afx_video_ffmpeg+", "..\..\..\..\afx\video\afx_video_ffmpeg+\make\msvc\afx_video_ffmpeg+.vcxproj", "{A53BEE8B-4E71-4A19-8AAD-7A8F7D6A5A04}"
EndProject
Global
	GlobalSection(SolutionConfigurationPlatforms) = preSolution
		Debug|Win32 = Debug|Win32
		Release|Win32 = Release|Win32
	EndGlobalSection
	GlobalSection(ProjectConfigurationPlatforms) = postSolution
		{0A907BE6-59D7-4E28-B318-DAFB79D08328}.Debug|Win32.ActiveCfg = Debug|Win32
		{0A907BE6-59D7-4E28-B318-DAFB79D08328}.Debug|Win32.Build.0 = Debug|Win32
		{0A907BE6-59D7-4E28-B318-DAFB79D08328}.Release|Win32.ActiveCfg = Release|Win32
		{0A907BE6-59D7-4E28-B318-DAFB79D08328}.Release|Win32.Build.0 = Release|Win32
		{A53BEE8B-4E71-4A19-8AAD-7A8F7D6A5A04}.Debug|Win32.ActiveCfg = Debug|Win32
		{A53BEE8B-4E71-4A19-8AAD-7A8F7D6A5A04}.Debug|Win32.Build.0 = Debug|Win32
		{A53BEE8B-4E71-4A19-8AAD-7A8F7D6A5A04}.Release|Win32.ActiveCfg = Release|Win32
		{A53BEE8B-4E71-4A19-8AAD-7A8F7D6A5A04}.Release|Win32.Build.0 = Release|Win32
	EndGlobalSection
	GlobalSection(SolutionProperties) = preSolution
		HideSolutionNode = FALSE
	EndGlobalSection
EndGlobal
