<?xml version="1.0" encoding="utf-8"?>
<Project ToolsVersion="4.0" xmlns="http://schemas.microsoft.com/developer/msbuild/2003">
  <ItemGroup>
    <Filter Include="Source Files">
      <UniqueIdentifier>{4FC737F1-C7A5-4376-A066-2A32D752A2FF}</UniqueIdentifier>
      <Extensions>cpp;c;cc;cxx;def;odl;idl;hpj;bat;asm;asmx</Extensions>
    </Filter>
    <Filter Include="Header Files">
      <UniqueIdentifier>{93995380-89BD-4b04-88EB-625FBE52EBFB}</UniqueIdentifier>
      <Extensions>h;hh;hpp;hxx;hm;inl;inc;xsd</Extensions>
    </Filter>
    <Filter Include="Source Files\Module Files">
      <UniqueIdentifier>{3711d106-c8ec-483a-8a8d-ad374b9232a4}</UniqueIdentifier>
    </Filter>
    <Filter Include="Source Files\Plugin Descriptors">
      <UniqueIdentifier>{4f00a5dc-9653-4ce0-9d9f-138ea169192f}</UniqueIdentifier>
    </Filter>
  </ItemGroup>
  <ItemGroup>
    <Text Include="..\..\plugins_list.txt" />
    <Text Include="..\..\Release Notes.txt" />
  </ItemGroup>
  <ItemGroup>
    <ClCompile Include="..\..\dllmain.cpp">
      <Filter>Source Files\Module Files</Filter>
    </ClCompile>
    <ClCompile Include="..\..\dev_raspberry.cpp">
      <Filter>Source Files\Module Files</Filter>
    </ClCompile>
    <ClCompile Include="..\..\RaspberryPiCameraPlugin.cpp">
      <Filter>Source Files</Filter>
    </ClCompile>
    <ClCompile Include="..\..\RaspberryPiCameraPluginDescriptor.cpp">
      <Filter>Source Files\Plugin Descriptors</Filter>
    </ClCompile>
  </ItemGroup>
  <ItemGroup>
    <ClInclude Include="..\..\RaspberryPiCameraPlugin.hpp">
      <Filter>Header Files</Filter>
    </ClInclude>
  </ItemGroup>
</Project>