<?xml version="1.0" encoding="utf-8"?>
<Project ToolsVersion="4.0" xmlns="http://schemas.microsoft.com/developer/msbuild/2003">
  <ItemGroup>
    <Filter Include="Source Files">
      <UniqueIdentifier>{4FC737F1-C7A5-4376-A066-2A32D752A2FF}</UniqueIdentifier>
      <Extensions>cpp;c;cc;cxx;def;odl;idl;hpj;bat;asm;asmx</Extensions>
    </Filter>
    <Filter Include="Header Files">
      <UniqueIdentifier>{93995380-89BD-4b04-88EB-625FBE52EBFB}</UniqueIdentifier>
      <Extensions>h;hpp;hxx;hm;inl;inc;xsd</Extensions>
    </Filter>
    <Filter Include="Header Files\Plugins Wrappers">
      <UniqueIdentifier>{47592479-25c0-4c65-a921-efc16eeec64a}</UniqueIdentifier>
    </Filter>
    <Filter Include="Source Files\Plugins Wrappers">
      <UniqueIdentifier>{cc889f4d-9a91-4acc-ba05-5ca5190c9df9}</UniqueIdentifier>
    </Filter>
    <Filter Include="Header Files\Helpers">
      <UniqueIdentifier>{928a37da-1727-4994-b3f2-b7eef1ca4373}</UniqueIdentifier>
    </Filter>
  </ItemGroup>
  <ItemGroup>
    <ClCompile Include="..\..\XModulesCollection.cpp">
      <Filter>Source Files</Filter>
    </ClCompile>
    <ClCompile Include="..\..\XPluginDescriptor.cpp">
      <Filter>Source Files</Filter>
    </ClCompile>
    <ClCompile Include="..\..\XPluginsCollection.cpp">
      <Filter>Source Files</Filter>
    </ClCompile>
    <ClCompile Include="..\..\XPropertyDescriptor.cpp">
      <Filter>Source Files</Filter>
    </ClCompile>
    <ClCompile Include="..\..\XImageProcessingFilterPlugin.cpp">
      <Filter>Source Files\Plugins Wrappers</Filter>
    </ClCompile>
    <ClCompile Include="..\..\XPlugin.cpp">
      <Filter>Source Files\Plugins Wrappers</Filter>
    </ClCompile>
    <ClCompile Include="..\..\XFamily.cpp">
      <Filter>Source Files</Filter>
    </ClCompile>
    <ClCompile Include="..\..\XFamiliesCollection.cpp">
      <Filter>Source Files</Filter>
    </ClCompile>
    <ClCompile Include="..\..\XPluginsEngine.cpp">
      <Filter>Source Files</Filter>
    </ClCompile>
    <ClCompile Include="..\..\XPluginsModule.cpp">
      <Filter>Source Files</Filter>
    </ClCompile>
    <ClCompile Include="..\..\XImageImportingPlugin.cpp">
      <Filter>Source Files\Plugins Wrappers</Filter>
    </ClCompile>
    <ClCompile Include="..\..\XVideoSourcePlugin.cpp">
      <Filter>Source Files\Plugins Wrappers</Filter>
    </ClCompile>
    <ClCompile Include="..\..\XImageGenerationPlugin.cpp">
      <Filter>Source Files\Plugins Wrappers</Filter>
    </ClCompile>
    <ClCompile Include="..\..\XImageExportingPlugin.cpp">
      <Filter>Source Files\Plugins Wrappers</Filter>
    </ClCompile>
    <ClCompile Include="..\..\XImageProcessingFilterPlugin2.cpp">
      <Filter>Source Files\Plugins Wrappers</Filter>
    </ClCompile>
    <ClCompile Include="..\..\XDevicePlugin.cpp">
      <Filter>Source Files\Plugins Wrappers</Filter>
    </ClCompile>
    <ClCompile Include="..\..\XVideoProcessingPlugin.cpp">
      <Filter>Source Files\Plugins Wrappers</Filter>
    </ClCompile>
    <ClCompile Include="..\..\XScriptingEnginePlugin.cpp">
      <Filter>Source Files\Plugins Wrappers</Filter>
    </ClCompile>
    <ClCompile Include="..\..\XFunctionDescriptor.cpp">
      <Filter>Source Files</Filter>
    </ClCompile>
    <ClCompile Include="..\..\XImageProcessingPlugin.cpp">
      <Filter>Source Files\Plugins Wrappers</Filter>
    </ClCompile>
    <ClCompile Include="..\..\XPluginWrapperFactory.cpp">
      <Filter>Source Files\Plugins Wrappers</Filter>
    </ClCompile>
  </ItemGroup>
  <ItemGroup>
    <ClInclude Include="..\..\XFamiliesCollection.hpp">
      <Filter>Header Files</Filter>
    </ClInclude>
    <ClInclude Include="..\..\XFamily.hpp">
      <Filter>Header Files</Filter>
    </ClInclude>
    <ClInclude Include="..\..\XModulesCollection.hpp">
      <Filter>Header Files</Filter>
    </ClInclude>
    <ClInclude Include="..\..\XPluginDescriptor.hpp">
      <Filter>Header Files</Filter>
    </ClInclude>
    <ClInclude Include="..\..\XPluginsCollection.hpp">
      <Filter>Header Files</Filter>
    </ClInclude>
    <ClInclude Include="..\..\XPluginsEngine.hpp">
      <Filter>Header Files</Filter>
    </ClInclude>
    <ClInclude Include="..\..\XPluginsModule.hpp">
      <Filter>Header Files</Filter>
    </ClInclude>
    <ClInclude Include="..\..\XPropertyDescriptor.hpp">
      <Filter>Header Files</Filter>
    </ClInclude>
    <ClInclude Include="..\..\XImageProcessingFilterPlugin.hpp">
      <Filter>Header Files\Plugins Wrappers</Filter>
    </ClInclude>
    <ClInclude Include="..\..\XPlugin.hpp">
      <Filter>Header Files\Plugins Wrappers</Filter>
    </ClInclude>
    <ClInclude Include="..\..\XMapValuesConstIterator.hpp">
      <Filter>Header Files\Helpers</Filter>
    </ClInclude>
    <ClInclude Include="..\..\XImageImportingPlugin.hpp">
      <Filter>Header Files\Plugins Wrappers</Filter>
    </ClInclude>
    <ClInclude Include="..\..\XVideoSourcePlugin.hpp">
      <Filter>Header Files\Plugins Wrappers</Filter>
    </ClInclude>
    <ClInclude Include="..\..\XImageGenerationPlugin.hpp">
      <Filter>Header Files\Plugins Wrappers</Filter>
    </ClInclude>
    <ClInclude Include="..\..\XImageExportingPlugin.hpp">
      <Filter>Header Files\Plugins Wrappers</Filter>
    </ClInclude>
    <ClInclude Include="..\..\XImageProcessingFilterPlugin2.hpp">
      <Filter>Header Files\Plugins Wrappers</Filter>
    </ClInclude>
    <ClInclude Include="..\..\XDevicePlugin.hpp">
      <Filter>Header Files\Plugins Wrappers</Filter>
    </ClInclude>
    <ClInclude Include="..\..\XVideoProcessingPlugin.hpp">
      <Filter>Header Files\Plugins Wrappers</Filter>
    </ClInclude>
    <ClInclude Include="..\..\XScriptingEnginePlugin.hpp">
      <Filter>Header Files\Plugins Wrappers</Filter>
    </ClInclude>
    <ClInclude Include="..\..\XFunctionDescriptor.hpp">
      <Filter>Header Files</Filter>
    </ClInclude>
    <ClInclude Include="..\..\XImageProcessingPlugin.hpp">
      <Filter>Header Files\Plugins Wrappers</Filter>
    </ClInclude>
    <ClInclude Include="..\..\XPluginWrapperFactory.hpp">
      <Filter>Header Files\Plugins Wrappers</Filter>
    </ClInclude>
  </ItemGroup>
</Project>