<?xml version="1.0" encoding="utf-8"?>
<Project ToolsVersion="4.0" xmlns="http://schemas.microsoft.com/developer/msbuild/2003">
  <ItemGroup>
    <Filter Include="Source Files">
      <UniqueIdentifier>{4FC737F1-C7A5-4376-A066-2A32D752A2FF}</UniqueIdentifier>
      <Extensions>cpp;c;cc;cxx;def;odl;idl;hpj;bat;asm;asmx</Extensions>
    </Filter>
    <Filter Include="Header Files">
      <UniqueIdentifier>{93995380-89BD-4b04-88EB-625FBE52EBFB}</UniqueIdentifier>
      <Extensions>h;hpp;hxx;hm;inl;inc;xsd</Extensions>
    </Filter>
    <Filter Include="Source Files\Module Files">
      <UniqueIdentifier>{19285cc0-e2ca-4eb3-a3bc-71854e6cd3d1}</UniqueIdentifier>
    </Filter>
    <Filter Include="Source Files\Plugin Descriptors">
      <UniqueIdentifier>{cec3e8bd-b9c1-4081-bade-9afdfc9be67c}</UniqueIdentifier>
    </Filter>
  </ItemGroup>
  <ItemGroup>
    <ClCompile Include="..\..\ip_tools.cpp">
      <Filter>Source Files\Module Files</Filter>
    </ClCompile>
    <ClCompile Include="..\..\dllmain.cpp">
      <Filter>Source Files\Module Files</Filter>
    </ClCompile>
    <ClCompile Include="..\..\UniformAdditiveNoisePlugin.cpp">
      <Filter>Source Files</Filter>
    </ClCompile>
    <ClCompile Include="..\..\UniformAdditiveNoisePluginDescriptor.cpp">
      <Filter>Source Files\Plugin Descriptors</Filter>
    </ClCompile>
    <ClCompile Include="..\..\SaltAndPepperNoisePlugin.cpp">
      <Filter>Source Files</Filter>
    </ClCompile>
    <ClCompile Include="..\..\SaltAndPepperNoisePluginDescriptor.cpp">
      <Filter>Source Files\Plugin Descriptors</Filter>
    </ClCompile>
    <ClCompile Include="..\..\SimplePosterizationPlugin.cpp">
      <Filter>Source Files</Filter>
    </ClCompile>
    <ClCompile Include="..\..\SimplePosterizationPluginDescriptor.cpp">
      <Filter>Source Files\Plugin Descriptors</Filter>
    </ClCompile>
    <ClCompile Include="..\..\GradientReColoring4Plugin.cpp">
      <Filter>Source Files</Filter>
    </ClCompile>
    <ClCompile Include="..\..\GradientReColoring2Plugin.cpp">
      <Filter>Source Files</Filter>
    </ClCompile>
    <ClCompile Include="..\..\GradientReColoringPlugin.cpp">
      <Filter>Source Files</Filter>
    </ClCompile>
    <ClCompile Include="..\..\GradientReColoring2PluginDescriptor.cpp">
      <Filter>Source Files\Plugin Descriptors</Filter>
    </ClCompile>
    <ClCompile Include="..\..\GradientReColoringPluginDescriptor.cpp">
      <Filter>Source Files\Plugin Descriptors</Filter>
    </ClCompile>
    <ClCompile Include="..\..\GradientReColoring4PluginDescriptor.cpp">
      <Filter>Source Files\Plugin Descriptors</Filter>
    </ClCompile>
    <ClCompile Include="..\..\HeatGradientPlugin.cpp">
      <Filter>Source Files</Filter>
    </ClCompile>
    <ClCompile Include="..\..\HeatGradientPluginDescriptor.cpp">
      <Filter>Source Files\Plugin Descriptors</Filter>
    </ClCompile>
    <ClCompile Include="..\..\FadeImagesPlugin.cpp">
      <Filter>Source Files</Filter>
    </ClCompile>
    <ClCompile Include="..\..\FadeImagesPluginDescriptor.cpp">
      <Filter>Source Files\Plugin Descriptors</Filter>
    </ClCompile>
    <ClCompile Include="..\..\BlendImagesPlugin.cpp">
      <Filter>Source Files</Filter>
    </ClCompile>
    <ClCompile Include="..\..\BlendImagesPluginDescriptor.cpp">
      <Filter>Source Files\Plugin Descriptors</Filter>
    </ClCompile>
    <ClCompile Include="..\..\PutTextPlugin.cpp">
      <Filter>Source Files</Filter>
    </ClCompile>
    <ClCompile Include="..\..\PutTextPluginDescriptor.cpp">
      <Filter>Source Files\Plugin Descriptors</Filter>
    </ClCompile>
    <ClCompile Include="..\..\ImageDrawingPlugin.cpp">
      <Filter>Source Files</Filter>
    </ClCompile>
    <ClCompile Include="..\..\ImageDrawingPluginDescriptor.cpp">
      <Filter>Source Files\Plugin Descriptors</Filter>
    </ClCompile>
    <ClCompile Include="..\..\MoveTowardsImagesPlugin.cpp">
      <Filter>Source Files</Filter>
    </ClCompile>
    <ClCompile Include="..\..\MoveTowardsImagesPluginDescriptor.cpp">
      <Filter>Source Files\Plugin Descriptors</Filter>
    </ClCompile>
  </ItemGroup>
  <ItemGroup>
    <ClInclude Include="..\..\UniformAdditiveNoisePlugin.hpp">
      <Filter>Header Files</Filter>
    </ClInclude>
    <ClInclude Include="..\..\SaltAndPepperNoisePlugin.hpp">
      <Filter>Header Files</Filter>
    </ClInclude>
    <ClInclude Include="..\..\SimplePosterizationPlugin.hpp">
      <Filter>Header Files</Filter>
    </ClInclude>
    <ClInclude Include="..\..\GradientReColoring4Plugin.hpp">
      <Filter>Header Files</Filter>
    </ClInclude>
    <ClInclude Include="..\..\GradientReColoring2Plugin.hpp">
      <Filter>Header Files</Filter>
    </ClInclude>
    <ClInclude Include="..\..\GradientReColoringPlugin.hpp">
      <Filter>Header Files</Filter>
    </ClInclude>
    <ClInclude Include="..\..\HeatGradientPlugin.hpp">
      <Filter>Header Files</Filter>
    </ClInclude>
    <ClInclude Include="..\..\FadeImagesPlugin.hpp">
      <Filter>Header Files</Filter>
    </ClInclude>
    <ClInclude Include="..\..\BlendImagesPlugin.hpp">
      <Filter>Header Files</Filter>
    </ClInclude>
    <ClInclude Include="..\..\PutTextPlugin.hpp">
      <Filter>Header Files</Filter>
    </ClInclude>
    <ClInclude Include="..\..\ImageDrawingPlugin.hpp">
      <Filter>Header Files</Filter>
    </ClInclude>
    <ClInclude Include="..\..\MoveTowardsImagesPlugin.hpp">
      <Filter>Header Files</Filter>
    </ClInclude>
  </ItemGroup>
  <ItemGroup>
    <None Include="..\..\plugins_list.txt" />
  </ItemGroup>
  <ItemGroup>
    <Text Include="..\..\Release Notes.txt" />
  </ItemGroup>
</Project>