<?xml version="1.0" encoding="utf-8"?>
<Project ToolsVersion="4.0" xmlns="http://schemas.microsoft.com/developer/msbuild/2003">
  <ItemGroup>
    <Filter Include="Source Files">
      <UniqueIdentifier>{4FC737F1-C7A5-4376-A066-2A32D752A2FF}</UniqueIdentifier>
      <Extensions>cpp;c;cc;cxx;def;odl;idl;hpj;bat;asm;asmx</Extensions>
    </Filter>
    <Filter Include="Header Files">
      <UniqueIdentifier>{93995380-89BD-4b04-88EB-625FBE52EBFB}</UniqueIdentifier>
      <Extensions>h;hpp;hxx;hm;inl;inc;xsd</Extensions>
    </Filter>
  </ItemGroup>
  <ItemGroup>
    <ClCompile Include="..\..\invert.c">
      <Filter>Source Files</Filter>
    </ClCompile>
    <ClCompile Include="..\..\threshold.c">
      <Filter>Source Files</Filter>
    </ClCompile>
    <ClCompile Include="..\..\alpha.c">
      <Filter>Source Files</Filter>
    </ClCompile>
    <ClCompile Include="..\..\color2grayscale.c">
      <Filter>Source Files</Filter>
    </ClCompile>
    <ClCompile Include="..\..\color_remapping.c">
      <Filter>Source Files</Filter>
    </ClCompile>
    <ClCompile Include="..\..\extract_channel.c">
      <Filter>Source Files</Filter>
    </ClCompile>
    <ClCompile Include="..\..\color_filtering.c">
      <Filter>Source Files</Filter>
    </ClCompile>
    <ClCompile Include="..\..\sepia.c">
      <Filter>Source Files</Filter>
    </ClCompile>
    <ClCompile Include="..\..\color_conversion.c">
      <Filter>Source Files</Filter>
    </ClCompile>
    <ClCompile Include="..\..\set_hue.c">
      <Filter>Source Files</Filter>
    </ClCompile>
    <ClCompile Include="..\..\rotate_rgb.c">
      <Filter>Source Files</Filter>
    </ClCompile>
    <ClCompile Include="..\..\binary_erosion_3x3.c">
      <Filter>Source Files</Filter>
    </ClCompile>
    <ClCompile Include="..\..\binary_dilatation_3x3.c">
      <Filter>Source Files</Filter>
    </ClCompile>
    <ClCompile Include="..\..\otsu.c">
      <Filter>Source Files</Filter>
    </ClCompile>
    <ClCompile Include="..\..\extract_channel_nrgb.c">
      <Filter>Source Files</Filter>
    </ClCompile>
    <ClCompile Include="..\..\mirror.c">
      <Filter>Source Files</Filter>
    </ClCompile>
    <ClCompile Include="..\..\erosion_3x3.c">
      <Filter>Source Files</Filter>
    </ClCompile>
    <ClCompile Include="..\..\dilatation_3x3.c">
      <Filter>Source Files</Filter>
    </ClCompile>
    <ClCompile Include="..\..\mean_3x3.c">
      <Filter>Source Files</Filter>
    </ClCompile>
    <ClCompile Include="..\..\contrast_stretching.c">
      <Filter>Source Files</Filter>
    </ClCompile>
    <ClCompile Include="..\..\histogram_equalization.c">
      <Filter>Source Files</Filter>
    </ClCompile>
    <ClCompile Include="..\..\blur_image.c">
      <Filter>Source Files</Filter>
    </ClCompile>
    <ClCompile Include="..\..\drawing.c">
      <Filter>Source Files</Filter>
    </ClCompile>
    <ClCompile Include="..\..\salt_and_pepper_noise.c">
      <Filter>Source Files</Filter>
    </ClCompile>
    <ClCompile Include="..\..\additive_noise.c">
      <Filter>Source Files</Filter>
    </ClCompile>
    <ClCompile Include="..\..\simple_posterization.c">
      <Filter>Source Files</Filter>
    </ClCompile>
    <ClCompile Include="..\..\binary2grayscale.c">
      <Filter>Source Files</Filter>
    </ClCompile>
    <ClCompile Include="..\..\indexed2color.c">
      <Filter>Source Files</Filter>
    </ClCompile>
    <ClCompile Include="..\..\ordered_dithering.c">
      <Filter>Source Files</Filter>
    </ClCompile>
    <ClCompile Include="..\..\error_diffusion_dithering.c">
      <Filter>Source Files</Filter>
    </ClCompile>
    <ClCompile Include="..\..\image_statistics.c">
      <Filter>Source Files</Filter>
    </ClCompile>
    <ClCompile Include="..\..\swap_rgb.c">
      <Filter>Source Files</Filter>
    </ClCompile>
    <ClCompile Include="..\..\grayscale2color.c">
      <Filter>Source Files</Filter>
    </ClCompile>
    <ClCompile Include="..\..\resize_nearest_neightbor.c">
      <Filter>Source Files</Filter>
    </ClCompile>
    <ClCompile Include="..\..\resize_bilinear.c">
      <Filter>Source Files</Filter>
    </ClCompile>
    <ClCompile Include="..\..\two_source_image_routines.c">
      <Filter>Source Files</Filter>
    </ClCompile>
    <ClCompile Include="..\..\convolution.c">
      <Filter>Source Files</Filter>
    </ClCompile>
    <ClCompile Include="..\..\gaussian.c">
      <Filter>Source Files</Filter>
    </ClCompile>
    <ClCompile Include="..\..\morphology.c">
      <Filter>Source Files</Filter>
    </ClCompile>
    <ClCompile Include="..\..\rotate90.c">
      <Filter>Source Files</Filter>
    </ClCompile>
    <ClCompile Include="..\..\distance_transform.c">
      <Filter>Source Files</Filter>
    </ClCompile>
    <ClCompile Include="..\..\rotate_bilinear.c">
      <Filter>Source Files</Filter>
    </ClCompile>
    <ClCompile Include="..\..\shift_image.c">
      <Filter>Source Files</Filter>
    </ClCompile>
    <ClCompile Include="..\..\drawing_text.c">
      <Filter>Source Files</Filter>
    </ClCompile>
    <ClCompile Include="..\..\quadrilateral_transform.c">
      <Filter>Source Files</Filter>
    </ClCompile>
    <ClCompile Include="..\..\blob_counter.c">
      <Filter>Source Files</Filter>
    </ClCompile>
    <ClCompile Include="..\..\hsl_color_filtering.c">
      <Filter>Source Files</Filter>
    </ClCompile>
    <ClCompile Include="..\..\pixellate.c">
      <Filter>Source Files</Filter>
    </ClCompile>
    <ClCompile Include="..\..\edge_detectors.c">
      <Filter>Source Files</Filter>
    </ClCompile>
    <ClCompile Include="..\..\canny_edge_detector.c">
      <Filter>Source Files</Filter>
    </ClCompile>
    <ClCompile Include="..\..\color_maps.c">
      <Filter>Source Files</Filter>
    </ClCompile>
    <ClCompile Include="..\..\gray_world.c">
      <Filter>Source Files</Filter>
    </ClCompile>
    <ClCompile Include="..\..\mean_shift.c">
      <Filter>Source Files</Filter>
    </ClCompile>
    <ClCompile Include="..\..\run_length_smoothing.c">
      <Filter>Source Files</Filter>
    </ClCompile>
    <ClCompile Include="..\..\shape_checker.c">
      <Filter>Source Files</Filter>
    </ClCompile>
  </ItemGroup>
  <ItemGroup>
    <ClInclude Include="..\..\ximaging.h">
      <Filter>Header Files</Filter>
    </ClInclude>
  </ItemGroup>
</Project>