Microsoft Visual Studio Solution File, Format Version 12.00
# Visual Studio 14
VisualStudioVersion = 14.0.25420.1
MinimumVisualStudioVersion = 10.0.40219.1
# Visual C++ Express 2010
Project("{8BC9CEB8-8B4A-11D0-8D11-00A0C91BC942}") = "automationserver", "automationserver.vcxproj", "{61B2C76D-1F18-49FA-A215-A77A03084685}"
EndProject
Global
	GlobalSection(SolutionConfigurationPlatforms) = preSolution
		Debug|Win32 = Debug|Win32
		Release|Win32 = Release|Win32
	EndGlobalSection
	GlobalSection(ProjectConfigurationPlatforms) = postSolution
		{61B2C76D-1F18-49FA-A215-A77A03084685}.Debug|Win32.ActiveCfg = Debug|Win32
		{61B2C76D-1F18-49FA-A215-A77A03084685}.Debug|Win32.Build.0 = Debug|Win32
		{61B2C76D-1F18-49FA-A215-A77A03084685}.Release|Win32.ActiveCfg = Release|Win32
		{61B2C76D-1F18-49FA-A215-A77A03084685}.Release|Win32.Build.0 = Release|Win32
	EndGlobalSection
	GlobalSection(SolutionProperties) = preSolution
		HideSolutionNode = FALSE
	EndGlobalSection
EndGlobal
